
Microsoft Visual Studio Solution File, Format Version 12.00
# Visual Studio 15
VisualStudioVersion = 15.0.34320.172
MinimumVisualStudioVersion = 10.0.40219.1
Project("{9A19103F-16F7-4668-BE54-9A1E7A4F7556}") = "hashes-readonly-bytes", "hashes-readonly-bytes.csproj", "{F0EBB42E-1D27-4F43-AAA5-B7E512692F1A}"
EndProject
Global
	GlobalSection(SolutionConfigurationPlatforms) = preSolution
		Debug|Any CPU = Debug|Any CPU
		Release|Any CPU = Release|Any CPU
	EndGlobalSection
	GlobalSection(ProjectConfigurationPlatforms) = postSolution
		{F0EBB42E-1D27-4F43-AAA5-B7E512692F1A}.Debug|Any CPU.ActiveCfg = Debug|Any CPU
		{F0EBB42E-1D27-4F43-AAA5-B7E512692F1A}.Debug|Any CPU.Build.0 = Debug|Any CPU
		{F0EBB42E-1D27-4F43-AAA5-B7E512692F1A}.Release|Any CPU.ActiveCfg = Release|Any CPU
		{F0EBB42E-1D27-4F43-AAA5-B7E512692F1A}.Release|Any CPU.Build.0 = Release|Any CPU
	EndGlobalSection
	GlobalSection(SolutionProperties) = preSolution
		HideSolutionNode = FALSE
	EndGlobalSection
	GlobalSection(ExtensibilityGlobals) = postSolution
		SolutionGuid = {FB7BF17C-4592-4878-95E8-99E8D52BECCA}
	EndGlobalSection
EndGlobal
